
Microsoft Visual Studio Solution File, Format Version 12.00
# Visual Studio 15
VisualStudioVersion = 15.0.28307.168
MinimumVisualStudioVersion = 10.0.40219.1
Project("{8BC9CEB8-8B4A-11D0-8D11-00A0C91BC942}") = "Project1", "Project1\Project1.vcxproj", "{A233B2BD-C9BB-48EF-B98E-671C0852E0DF}"
EndProject
Project("{8BC9CEB8-8B4A-11D0-8D11-00A0C91BC942}") = "CNNWCUDA", "Project2\Project2.vcxproj", "{166FABE2-17C7-4459-ADB4-18A15549CB35}"
EndProject
Project("{8BC9CEB8-8B4A-11D0-8D11-00A0C91BC942}") = "CNNCUDA10Proj", "CNNCUDA10Proj\CNNCUDA10Proj.vcxproj", "{006F3E01-F65B-4F46-92CF-C3D67A60D667}"
EndProject
Global
	GlobalSection(SolutionConfigurationPlatforms) = preSolution
		Debug|x64 = Debug|x64
		Debug|x86 = Debug|x86
		Release|x64 = Release|x64
		Release|x86 = Release|x86
	EndGlobalSection
	GlobalSection(ProjectConfigurationPlatforms) = postSolution
		{A233B2BD-C9BB-48EF-B98E-671C0852E0DF}.Debug|x64.ActiveCfg = Debug|x64
		{A233B2BD-C9BB-48EF-B98E-671C0852E0DF}.Debug|x64.Build.0 = Debug|x64
		{A233B2BD-C9BB-48EF-B98E-671C0852E0DF}.Debug|x86.ActiveCfg = Debug|Win32
		{A233B2BD-C9BB-48EF-B98E-671C0852E0DF}.Debug|x86.Build.0 = Debug|Win32
		{A233B2BD-C9BB-48EF-B98E-671C0852E0DF}.Release|x64.ActiveCfg = Release|x64
		{A233B2BD-C9BB-48EF-B98E-671C0852E0DF}.Release|x64.Build.0 = Release|x64
		{A233B2BD-C9BB-48EF-B98E-671C0852E0DF}.Release|x86.ActiveCfg = Release|Win32
		{A233B2BD-C9BB-48EF-B98E-671C0852E0DF}.Release|x86.Build.0 = Release|Win32
		{166FABE2-17C7-4459-ADB4-18A15549CB35}.Debug|x64.ActiveCfg = Debug|x64
		{166FABE2-17C7-4459-ADB4-18A15549CB35}.Debug|x64.Build.0 = Debug|x64
		{166FABE2-17C7-4459-ADB4-18A15549CB35}.Debug|x86.ActiveCfg = Debug|Win32
		{166FABE2-17C7-4459-ADB4-18A15549CB35}.Debug|x86.Build.0 = Debug|Win32
		{166FABE2-17C7-4459-ADB4-18A15549CB35}.Release|x64.ActiveCfg = Release|x64
		{166FABE2-17C7-4459-ADB4-18A15549CB35}.Release|x64.Build.0 = Release|x64
		{166FABE2-17C7-4459-ADB4-18A15549CB35}.Release|x86.ActiveCfg = Release|Win32
		{166FABE2-17C7-4459-ADB4-18A15549CB35}.Release|x86.Build.0 = Release|Win32
		{006F3E01-F65B-4F46-92CF-C3D67A60D667}.Debug|x64.ActiveCfg = Debug|x64
		{006F3E01-F65B-4F46-92CF-C3D67A60D667}.Debug|x64.Build.0 = Debug|x64
		{006F3E01-F65B-4F46-92CF-C3D67A60D667}.Debug|x86.ActiveCfg = Debug|x64
		{006F3E01-F65B-4F46-92CF-C3D67A60D667}.Release|x64.ActiveCfg = Release|x64
		{006F3E01-F65B-4F46-92CF-C3D67A60D667}.Release|x64.Build.0 = Release|x64
		{006F3E01-F65B-4F46-92CF-C3D67A60D667}.Release|x86.ActiveCfg = Release|x64
	EndGlobalSection
	GlobalSection(SolutionProperties) = preSolution
		HideSolutionNode = FALSE
	EndGlobalSection
	GlobalSection(ExtensibilityGlobals) = postSolution
		SolutionGuid = {24ED7736-20EA-43EA-AF5D-B6540E392E6B}
	EndGlobalSection
EndGlobal
